
Microsoft Visual Studio Solution File, Format Version 12.00
# Visual Studio 2012
Project("{FAE04EC0-301F-11D3-BF4B-00C04F79EFBC}") = "URLENCODER", "URLENCODER\URLENCODER.csproj", "{9C4E3FC9-0F50-4EA8-AE20-F6F3D66B355B}"
EndProject
Global
	GlobalSection(SolutionConfigurationPlatforms) = preSolution
		Debug|Any CPU = Debug|Any CPU
		Release|Any CPU = Release|Any CPU
	EndGlobalSection
	GlobalSection(ProjectConfigurationPlatforms) = postSolution
		{9C4E3FC9-0F50-4EA8-AE20-F6F3D66B355B}.Debug|Any CPU.ActiveCfg = Debug|Any CPU
		{9C4E3FC9-0F50-4EA8-AE20-F6F3D66B355B}.Debug|Any CPU.Build.0 = Debug|Any CPU
		{9C4E3FC9-0F50-4EA8-AE20-F6F3D66B355B}.Release|Any CPU.ActiveCfg = Release|Any CPU
		{9C4E3FC9-0F50-4EA8-AE20-F6F3D66B355B}.Release|Any CPU.Build.0 = Release|Any CPU
	EndGlobalSection
EndGlobal
